
Microsoft Visual Studio Solution File, Format Version 12.00
# Visual Studio Version 17
VisualStudioVersion = 17.14.36221.1
MinimumVisualStudioVersion = 10.0.40219.1
Project("{FAE04EC0-301F-11D3-BF4B-00C04F79EFBC}") = "JenkinsRazorPage", "JenkinsRazorPage\JenkinsRazorPage.csproj", "{AB09405B-A19A-402B-9013-50FA9A705FB3}"
EndProject
Project("{FAE04EC0-301F-11D3-BF4B-00C04F79EFBC}") = "RazorPageNunitTest", "RazorPageNunitTest\RazorPageNunitTest.csproj", "{46D1F884-0146-4D10-A25D-9AF435853EE4}"
EndProject
Project("{E53339B2-1760-4266-BCC7-CA923CBCF16C}") = "docker-compose", "docker-compose.dcproj", "{81DDED9D-158B-E303-5F62-77A2896D2A5A}"
EndProject
Global
	GlobalSection(SolutionConfigurationPlatforms) = preSolution
		Debug|Any CPU = Debug|Any CPU
		Release|Any CPU = Release|Any CPU
	EndGlobalSection
	GlobalSection(ProjectConfigurationPlatforms) = postSolution
		{AB09405B-A19A-402B-9013-50FA9A705FB3}.Debug|Any CPU.ActiveCfg = Debug|Any CPU
		{AB09405B-A19A-402B-9013-50FA9A705FB3}.Debug|Any CPU.Build.0 = Debug|Any CPU
		{AB09405B-A19A-402B-9013-50FA9A705FB3}.Release|Any CPU.ActiveCfg = Release|Any CPU
		{AB09405B-A19A-402B-9013-50FA9A705FB3}.Release|Any CPU.Build.0 = Release|Any CPU
		{46D1F884-0146-4D10-A25D-9AF435853EE4}.Debug|Any CPU.ActiveCfg = Debug|Any CPU
		{46D1F884-0146-4D10-A25D-9AF435853EE4}.Debug|Any CPU.Build.0 = Debug|Any CPU
		{46D1F884-0146-4D10-A25D-9AF435853EE4}.Release|Any CPU.ActiveCfg = Release|Any CPU
		{46D1F884-0146-4D10-A25D-9AF435853EE4}.Release|Any CPU.Build.0 = Release|Any CPU
		{81DDED9D-158B-E303-5F62-77A2896D2A5A}.Debug|Any CPU.ActiveCfg = Debug|Any CPU
		{81DDED9D-158B-E303-5F62-77A2896D2A5A}.Debug|Any CPU.Build.0 = Debug|Any CPU
		{81DDED9D-158B-E303-5F62-77A2896D2A5A}.Release|Any CPU.ActiveCfg = Release|Any CPU
		{81DDED9D-158B-E303-5F62-77A2896D2A5A}.Release|Any CPU.Build.0 = Release|Any CPU
	EndGlobalSection
	GlobalSection(SolutionProperties) = preSolution
		HideSolutionNode = FALSE
	EndGlobalSection
	GlobalSection(ExtensibilityGlobals) = postSolution
		SolutionGuid = {49E44D63-4940-40CB-9F63-0E57A92D8FDB}
	EndGlobalSection
EndGlobal
